
Microsoft Visual Studio Solution File, Format Version 12.00
# Visual Studio Version 17
VisualStudioVersion = 17.5.33424.131
MinimumVisualStudioVersion = 10.0.40219.1
Project("{9A19103F-16F7-4668-BE54-9A1E7A4F7556}") = "Api", "Api\Api.csproj", "{E6BF7A5A-9E44-4A8C-AC4E-B5BC6BFF385A}"
EndProject
Project("{FAE04EC0-301F-11D3-BF4B-00C04F79EFBC}") = "AppPortal", "AppPortal\AppPortal.csproj", "{8619C9B5-5F99-4B9A-9D45-F663D645ED82}"
EndProject
Global
	GlobalSection(SolutionConfigurationPlatforms) = preSolution
		Debug|Any CPU = Debug|Any CPU
		Release|Any CPU = Release|Any CPU
	EndGlobalSection
	GlobalSection(ProjectConfigurationPlatforms) = postSolution
		{E6BF7A5A-9E44-4A8C-AC4E-B5BC6BFF385A}.Debug|Any CPU.ActiveCfg = Debug|Any CPU
		{E6BF7A5A-9E44-4A8C-AC4E-B5BC6BFF385A}.Debug|Any CPU.Build.0 = Debug|Any CPU
		{E6BF7A5A-9E44-4A8C-AC4E-B5BC6BFF385A}.Release|Any CPU.ActiveCfg = Release|Any CPU
		{E6BF7A5A-9E44-4A8C-AC4E-B5BC6BFF385A}.Release|Any CPU.Build.0 = Release|Any CPU
		{8619C9B5-5F99-4B9A-9D45-F663D645ED82}.Debug|Any CPU.ActiveCfg = Debug|Any CPU
		{8619C9B5-5F99-4B9A-9D45-F663D645ED82}.Debug|Any CPU.Build.0 = Debug|Any CPU
		{8619C9B5-5F99-4B9A-9D45-F663D645ED82}.Release|Any CPU.ActiveCfg = Release|Any CPU
		{8619C9B5-5F99-4B9A-9D45-F663D645ED82}.Release|Any CPU.Build.0 = Release|Any CPU
	EndGlobalSection
	GlobalSection(SolutionProperties) = preSolution
		HideSolutionNode = FALSE
	EndGlobalSection
	GlobalSection(ExtensibilityGlobals) = postSolution
		SolutionGuid = {556A1623-B4D6-43B2-82DC-95D6FE3BC660}
	EndGlobalSection
EndGlobal
